{
    "_meta": {
        "hash": {
            "sha256": "ab9e2b08972c654dbc050f62438197c0c49c73d46d09194348965608688f74bf"
        },
        "pipfile-spec": 6,
        "requires": {},
        "sources": [
            {
                "name": "pypi",
                "url": "https://pypi.org/simple",
                "verify_ssl": true
            }
        ]
    },
    "default": {
        "attrs": {
            "hashes": [
                "sha256:29e95c7f6778868dbd49170f98f8818f78f3dc5e0e37c0b1f474e3561b240836",
                "sha256:c9227bfc2f01993c03f68db37d1d15c9690188323c067c641f1a35ca58185f99"
            ],
            "markers": "python_version >= '3.6'",
            "version": "==22.2.0"
        },
        "click": {
            "hashes": [
                "sha256:7682dc8afb30297001674575ea00d1814d808d6a36af415a82bd481d37ba7b8e",
                "sha256:bb4d8133cb15a609f44e8213d9b391b0809795062913b383c62be0ee95b1db48"
            ],
            "index": "pypi",
            "version": "==8.1.3"
        },
        "click-logging": {
            "hashes": [
                "sha256:1c3b2835ad4834df7c42e47ac7591866535af499dded3a84403f14411c5041a8",
                "sha256:3ce04f9fa93120343f5d727108f2066b59bd9c5aac2d770a02f37c69186dbf23"
            ],
            "index": "pypi",
            "version": "==1.0.1"
        },
        "jsonschema": {
            "hashes": [
                "sha256:0f864437ab8b6076ba6707453ef8f98a6a0d512a80e93f8abdb676f737ecb60d",
                "sha256:a870ad254da1a8ca84b6a2905cac29d265f805acc57af304784962a2aa6508f6"
            ],
            "index": "pypi",
            "version": "==4.17.3"
        },
        "pyasn1": {
            "hashes": [
                "sha256:760db2dafe04091b000af018c45dff6e3d7a204cd9341b760d72689217a611cc",
                "sha256:8fcd953d1e34ef6db82a5296bb5ca3762ce4d17f2241c48ac0de2739b2e8fbf2"
            ],
            "markers": "python_version >= '2.7' and python_version not in '3.0, 3.1, 3.2, 3.3, 3.4, 3.5'",
            "version": "==0.5.0rc2"
        },
        "pyasn1-modules": {
            "hashes": [
                "sha256:933b5e50f8070918cb181185a1bdea97e2ea7d4fc353dbe8e501363bd04d197b",
                "sha256:cbc7a0f2cd7bb1d54541be21410c84ec76ae4b504f5d8f6e5fc412f04981f806"
            ],
            "markers": "python_version >= '2.7' and python_version not in '3.0, 3.1, 3.2, 3.3, 3.4, 3.5'",
            "version": "==0.3.0rc1"
        },
        "pyldap": {
            "hashes": [
                "sha256:9ea6ae79b48f3178561a6bc105bcbc77231d5994e67ffb81b7699b8f19dd92c3"
            ],
            "version": "==3.0.0.post1"
        },
        "pyrsistent": {
            "hashes": [
                "sha256:016ad1afadf318eb7911baa24b049909f7f3bb2c5b1ed7b6a8f21db21ea3faa8",
                "sha256:1a2994773706bbb4995c31a97bc94f1418314923bd1048c6d964837040376440",
                "sha256:20460ac0ea439a3e79caa1dbd560344b64ed75e85d8703943e0b66c2a6150e4a",
                "sha256:3311cb4237a341aa52ab8448c27e3a9931e2ee09561ad150ba94e4cfd3fc888c",
                "sha256:3a8cb235fa6d3fd7aae6a4f1429bbb1fec1577d978098da1252f0489937786f3",
                "sha256:3ab2204234c0ecd8b9368dbd6a53e83c3d4f3cab10ecaf6d0e772f456c442393",
                "sha256:42ac0b2f44607eb92ae88609eda931a4f0dfa03038c44c772e07f43e738bcac9",
                "sha256:49c32f216c17148695ca0e02a5c521e28a4ee6c5089f97e34fe24163113722da",
                "sha256:4b774f9288dda8d425adb6544e5903f1fb6c273ab3128a355c6b972b7df39dcf",
                "sha256:4c18264cb84b5e68e7085a43723f9e4c1fd1d935ab240ce02c0324a8e01ccb64",
                "sha256:5a474fb80f5e0d6c9394d8db0fc19e90fa540b82ee52dba7d246a7791712f74a",
                "sha256:64220c429e42a7150f4bfd280f6f4bb2850f95956bde93c6fda1b70507af6ef3",
                "sha256:878433581fc23e906d947a6814336eee031a00e6defba224234169ae3d3d6a98",
                "sha256:99abb85579e2165bd8522f0c0138864da97847875ecbd45f3e7e2af569bfc6f2",
                "sha256:a2471f3f8693101975b1ff85ffd19bb7ca7dd7c38f8a81701f67d6b4f97b87d8",
                "sha256:aeda827381f5e5d65cced3024126529ddc4289d944f75e090572c77ceb19adbf",
                "sha256:b735e538f74ec31378f5a1e3886a26d2ca6351106b4dfde376a26fc32a044edc",
                "sha256:c147257a92374fde8498491f53ffa8f4822cd70c0d85037e09028e478cababb7",
                "sha256:c4db1bd596fefd66b296a3d5d943c94f4fac5bcd13e99bffe2ba6a759d959a28",
                "sha256:c74bed51f9b41c48366a286395c67f4e894374306b197e62810e0fdaf2364da2",
                "sha256:c9bb60a40a0ab9aba40a59f68214eed5a29c6274c83b2cc206a359c4a89fa41b",
                "sha256:cc5d149f31706762c1f8bda2e8c4f8fead6e80312e3692619a75301d3dbb819a",
                "sha256:ccf0d6bd208f8111179f0c26fdf84ed7c3891982f2edaeae7422575f47e66b64",
                "sha256:e42296a09e83028b3476f7073fcb69ffebac0e66dbbfd1bd847d61f74db30f19",
                "sha256:e8f2b814a3dc6225964fa03d8582c6e0b6650d68a232df41e3cc1b66a5d2f8d1",
                "sha256:f0774bf48631f3a20471dd7c5989657b639fd2d285b861237ea9e82c36a415a9",
                "sha256:f0e7c4b2f77593871e918be000b96c8107da48444d57005b6a6bc61fb4331b2c"
            ],
            "markers": "python_version >= '3.7'",
            "version": "==0.19.3"
        },
        "python-ldap": {
            "hashes": [
                "sha256:ab26c519a0ef2a443a2a10391fa3c5cb52d7871323399db949ebfaa9f25ee2a0"
            ],
            "index": "pypi",
            "version": "==3.4.3"
        },
        "pyyaml": {
            "hashes": [
                "sha256:01b45c0191e6d66c470b6cf1b9531a771a83c1c4208272ead47a3ae4f2f603bf",
                "sha256:0283c35a6a9fbf047493e3a0ce8d79ef5030852c51e9d911a27badfde0605293",
                "sha256:055d937d65826939cb044fc8c9b08889e8c743fdc6a32b33e2390f66013e449b",
                "sha256:07751360502caac1c067a8132d150cf3d61339af5691fe9e87803040dbc5db57",
                "sha256:0b4624f379dab24d3725ffde76559cff63d9ec94e1736b556dacdfebe5ab6d4b",
                "sha256:0ce82d761c532fe4ec3f87fc45688bdd3a4c1dc5e0b4a19814b9009a29baefd4",
                "sha256:1e4747bc279b4f613a09eb64bba2ba602d8a6664c6ce6396a4d0cd413a50ce07",
                "sha256:213c60cd50106436cc818accf5baa1aba61c0189ff610f64f4a3e8c6726218ba",
                "sha256:231710d57adfd809ef5d34183b8ed1eeae3f76459c18fb4a0b373ad56bedcdd9",
                "sha256:277a0ef2981ca40581a47093e9e2d13b3f1fbbeffae064c1d21bfceba2030287",
                "sha256:2cd5df3de48857ed0544b34e2d40e9fac445930039f3cfe4bcc592a1f836d513",
                "sha256:40527857252b61eacd1d9af500c3337ba8deb8fc298940291486c465c8b46ec0",
                "sha256:432557aa2c09802be39460360ddffd48156e30721f5e8d917f01d31694216782",
                "sha256:473f9edb243cb1935ab5a084eb238d842fb8f404ed2193a915d1784b5a6b5fc0",
                "sha256:48c346915c114f5fdb3ead70312bd042a953a8ce5c7106d5bfb1a5254e47da92",
                "sha256:50602afada6d6cbfad699b0c7bb50d5ccffa7e46a3d738092afddc1f9758427f",
                "sha256:68fb519c14306fec9720a2a5b45bc9f0c8d1b9c72adf45c37baedfcd949c35a2",
                "sha256:77f396e6ef4c73fdc33a9157446466f1cff553d979bd00ecb64385760c6babdc",
                "sha256:81957921f441d50af23654aa6c5e5eaf9b06aba7f0a19c18a538dc7ef291c5a1",
                "sha256:819b3830a1543db06c4d4b865e70ded25be52a2e0631ccd2f6a47a2822f2fd7c",
                "sha256:897b80890765f037df3403d22bab41627ca8811ae55e9a722fd0392850ec4d86",
                "sha256:98c4d36e99714e55cfbaaee6dd5badbc9a1ec339ebfc3b1f52e293aee6bb71a4",
                "sha256:9df7ed3b3d2e0ecfe09e14741b857df43adb5a3ddadc919a2d94fbdf78fea53c",
                "sha256:9fa600030013c4de8165339db93d182b9431076eb98eb40ee068700c9c813e34",
                "sha256:a80a78046a72361de73f8f395f1f1e49f956c6be882eed58505a15f3e430962b",
                "sha256:afa17f5bc4d1b10afd4466fd3a44dc0e245382deca5b3c353d8b757f9e3ecb8d",
                "sha256:b3d267842bf12586ba6c734f89d1f5b871df0273157918b0ccefa29deb05c21c",
                "sha256:b5b9eccad747aabaaffbc6064800670f0c297e52c12754eb1d976c57e4f74dcb",
                "sha256:bfaef573a63ba8923503d27530362590ff4f576c626d86a9fed95822a8255fd7",
                "sha256:c5687b8d43cf58545ade1fe3e055f70eac7a5a1a0bf42824308d868289a95737",
                "sha256:cba8c411ef271aa037d7357a2bc8f9ee8b58b9965831d9e51baf703280dc73d3",
                "sha256:d15a181d1ecd0d4270dc32edb46f7cb7733c7c508857278d3d378d14d606db2d",
                "sha256:d4b0ba9512519522b118090257be113b9468d804b19d63c71dbcf4a48fa32358",
                "sha256:d4db7c7aef085872ef65a8fd7d6d09a14ae91f691dec3e87ee5ee0539d516f53",
                "sha256:d4eccecf9adf6fbcc6861a38015c2a64f38b9d94838ac1810a9023a0609e1b78",
                "sha256:d67d839ede4ed1b28a4e8909735fc992a923cdb84e618544973d7dfc71540803",
                "sha256:daf496c58a8c52083df09b80c860005194014c3698698d1a57cbcfa182142a3a",
                "sha256:dbad0e9d368bb989f4515da330b88a057617d16b6a8245084f1b05400f24609f",
                "sha256:e61ceaab6f49fb8bdfaa0f92c4b57bcfbea54c09277b1b4f7ac376bfb7a7c174",
                "sha256:f84fbc98b019fef2ee9a1cb3ce93e3187a6df0b2538a651bfb890254ba9f90b5"
            ],
            "index": "pypi",
            "version": "==6.0"
        },
        "sanitized-package": {
            "editable": true,
            "path": "."
        },
        "sramsync": {
            "editable": true,
            "path": "."
        }
    },
    "develop": {
        "argcomplete": {
            "hashes": [
                "sha256:17041f55b8c45099428df6ce6d0d282b892471a78c71375d24f227e21c13f8c5",
                "sha256:72e08340852d32544459c0c19aad1b48aa2c3a96de8c6e5742456b4f538ca52f"
            ],
            "markers": "python_version >= '3.6'",
            "version": "==2.1.1"
        },
        "astroid": {
            "hashes": [
                "sha256:86b0a340a512c65abf4368b80252754cda17c02cdbbd3f587dddf98112233e7b",
                "sha256:bb24615c77f4837c707669d16907331374ae8a964650a66999da3f5ca68dc946"
            ],
            "markers": "python_full_version >= '3.6.2'",
            "version": "==2.11.7"
        },
        "attrs": {
            "hashes": [
                "sha256:29e95c7f6778868dbd49170f98f8818f78f3dc5e0e37c0b1f474e3561b240836",
                "sha256:c9227bfc2f01993c03f68db37d1d15c9690188323c067c641f1a35ca58185f99"
            ],
            "markers": "python_version >= '3.6'",
            "version": "==22.2.0"
        },
        "behave": {
            "hashes": [
                "sha256:b9662327aa53294c1351b0a9c369093ccec1d21026f050c3bd9b3e5cccf81a86",
                "sha256:ebda1a6c9e5bfe95c5f9f0a2794e01c7098b3dde86c10a95d8621c5907ff6f1c"
            ],
            "index": "pypi",
            "version": "==1.2.6"
        },
        "black": {
            "hashes": [
                "sha256:0052dba51dec07ed029ed61b18183942043e00008ec65d5028814afaab9a22fd",
                "sha256:0680d4380db3719ebcfb2613f34e86c8e6d15ffeabcf8ec59355c5e7b85bb555",
                "sha256:121ca7f10b4a01fd99951234abdbd97728e1240be89fde18480ffac16503d481",
                "sha256:162e37d49e93bd6eb6f1afc3e17a3d23a823042530c37c3c42eeeaf026f38468",
                "sha256:2a951cc83ab535d248c89f300eccbd625e80ab880fbcfb5ac8afb5f01a258ac9",
                "sha256:2bf649fda611c8550ca9d7592b69f0637218c2369b7744694c5e4902873b2f3a",
                "sha256:382998821f58e5c8238d3166c492139573325287820963d2f7de4d518bd76958",
                "sha256:49f7b39e30f326a34b5c9a4213213a6b221d7ae9d58ec70df1c4a307cf2a1580",
                "sha256:57c18c5165c1dbe291d5306e53fb3988122890e57bd9b3dcb75f967f13411a26",
                "sha256:7a0f701d314cfa0896b9001df70a530eb2472babb76086344e688829efd97d32",
                "sha256:8178318cb74f98bc571eef19068f6ab5613b3e59d4f47771582f04e175570ed8",
                "sha256:8b70eb40a78dfac24842458476135f9b99ab952dd3f2dab738c1881a9b38b753",
                "sha256:9880d7d419bb7e709b37e28deb5e68a49227713b623c72b2b931028ea65f619b",
                "sha256:9afd3f493666a0cd8f8df9a0200c6359ac53940cbde049dcb1a7eb6ee2dd7074",
                "sha256:a29650759a6a0944e7cca036674655c2f0f63806ddecc45ed40b7b8aa314b651",
                "sha256:a436e7881d33acaf2536c46a454bb964a50eff59b21b51c6ccf5a40601fbef24",
                "sha256:a59db0a2094d2259c554676403fa2fac3473ccf1354c1c63eccf7ae65aac8ab6",
                "sha256:a8471939da5e824b891b25751955be52ee7f8a30a916d570a5ba8e0f2eb2ecad",
                "sha256:b0bd97bea8903f5a2ba7219257a44e3f1f9d00073d6cc1add68f0beec69692ac",
                "sha256:b6a92a41ee34b883b359998f0c8e6eb8e99803aa8bf3123bf2b2e6fec505a221",
                "sha256:bb460c8561c8c1bec7824ecbc3ce085eb50005883a6203dcfb0122e95797ee06",
                "sha256:bfffba28dc52a58f04492181392ee380e95262af14ee01d4bc7bb1b1c6ca8d27",
                "sha256:c1c476bc7b7d021321e7d93dc2cbd78ce103b84d5a4cf97ed535fbc0d6660648",
                "sha256:c91dfc2c2a4e50df0026f88d2215e166616e0c80e86004d0003ece0488db2739",
                "sha256:e6663f91b6feca5d06f2ccd49a10f254f9298cc1f7f49c46e498a0771b507104"
            ],
            "index": "pypi",
            "version": "==23.1.0"
        },
        "click": {
            "hashes": [
                "sha256:7682dc8afb30297001674575ea00d1814d808d6a36af415a82bd481d37ba7b8e",
                "sha256:bb4d8133cb15a609f44e8213d9b391b0809795062913b383c62be0ee95b1db48"
            ],
            "index": "pypi",
            "version": "==8.1.3"
        },
        "coverage": {
            "hashes": [
                "sha256:006ed5582e9cbc8115d2e22d6d2144a0725db542f654d9d4fda86793832f873d",
                "sha256:046936ab032a2810dcaafd39cc4ef6dd295df1a7cbead08fe996d4765fca9fe4",
                "sha256:0484d9dd1e6f481b24070c87561c8d7151bdd8b044c93ac99faafd01f695c78e",
                "sha256:0ce383d5f56d0729d2dd40e53fe3afeb8f2237244b0975e1427bfb2cf0d32bab",
                "sha256:186e0fc9cf497365036d51d4d2ab76113fb74f729bd25da0975daab2e107fd90",
                "sha256:2199988e0bc8325d941b209f4fd1c6fa007024b1442c5576f1a32ca2e48941e6",
                "sha256:299bc75cb2a41e6741b5e470b8c9fb78d931edbd0cd009c58e5c84de57c06731",
                "sha256:3668291b50b69a0c1ef9f462c7df2c235da3c4073f49543b01e7eb1dee7dd540",
                "sha256:36dd42da34fe94ed98c39887b86db9d06777b1c8f860520e21126a75507024f2",
                "sha256:38004671848b5745bb05d4d621526fca30cee164db42a1f185615f39dc997292",
                "sha256:387fb46cb8e53ba7304d80aadca5dca84a2fbf6fe3faf6951d8cf2d46485d1e5",
                "sha256:3eb55b7b26389dd4f8ae911ba9bc8c027411163839dea4c8b8be54c4ee9ae10b",
                "sha256:420f94a35e3e00a2b43ad5740f935358e24478354ce41c99407cddd283be00d2",
                "sha256:4ac0f522c3b6109c4b764ffec71bf04ebc0523e926ca7cbe6c5ac88f84faced0",
                "sha256:4c752d5264053a7cf2fe81c9e14f8a4fb261370a7bb344c2a011836a96fb3f57",
                "sha256:4f01911c010122f49a3e9bdc730eccc66f9b72bd410a3a9d3cb8448bb50d65d3",
                "sha256:4f68ee32d7c4164f1e2c8797535a6d0a3733355f5861e0f667e37df2d4b07140",
                "sha256:4fa54fb483decc45f94011898727802309a109d89446a3c76387d016057d2c84",
                "sha256:507e4720791977934bba016101579b8c500fb21c5fa3cd4cf256477331ddd988",
                "sha256:53d0fd4c17175aded9c633e319360d41a1f3c6e352ba94edcb0fa5167e2bad67",
                "sha256:55272f33da9a5d7cccd3774aeca7a01e500a614eaea2a77091e9be000ecd401d",
                "sha256:5764e1f7471cb8f64b8cda0554f3d4c4085ae4b417bfeab236799863703e5de2",
                "sha256:57b77b9099f172804e695a40ebaa374f79e4fb8b92f3e167f66facbf92e8e7f5",
                "sha256:5afdad4cc4cc199fdf3e18088812edcf8f4c5a3c8e6cb69127513ad4cb7471a9",
                "sha256:5cc0783844c84af2522e3a99b9b761a979a3ef10fb87fc4048d1ee174e18a7d8",
                "sha256:5e1df45c23d4230e3d56d04414f9057eba501f78db60d4eeecfcb940501b08fd",
                "sha256:6146910231ece63facfc5984234ad1b06a36cecc9fd0c028e59ac7c9b18c38c6",
                "sha256:797aad79e7b6182cb49c08cc5d2f7aa7b2128133b0926060d0a8889ac43843be",
                "sha256:7c20b731211261dc9739bbe080c579a1835b0c2d9b274e5fcd903c3a7821cf88",
                "sha256:817295f06eacdc8623dc4df7d8b49cea65925030d4e1e2a7c7218380c0072c25",
                "sha256:81f63e0fb74effd5be736cfe07d710307cc0a3ccb8f4741f7f053c057615a137",
                "sha256:872d6ce1f5be73f05bea4df498c140b9e7ee5418bfa2cc8204e7f9b817caa968",
                "sha256:8c99cb7c26a3039a8a4ee3ca1efdde471e61b4837108847fb7d5be7789ed8fd9",
                "sha256:8dbe2647bf58d2c5a6c5bcc685f23b5f371909a5624e9f5cd51436d6a9f6c6ef",
                "sha256:8efb48fa743d1c1a65ee8787b5b552681610f06c40a40b7ef94a5b517d885c54",
                "sha256:92ebc1619650409da324d001b3a36f14f63644c7f0a588e331f3b0f67491f512",
                "sha256:9d22e94e6dc86de981b1b684b342bec5e331401599ce652900ec59db52940005",
                "sha256:ba279aae162b20444881fc3ed4e4f934c1cf8620f3dab3b531480cf602c76b7f",
                "sha256:bc4803779f0e4b06a2361f666e76f5c2e3715e8e379889d02251ec911befd149",
                "sha256:bfe7085783cda55e53510482fa7b5efc761fad1abe4d653b32710eb548ebdd2d",
                "sha256:c448b5c9e3df5448a362208b8d4b9ed85305528313fca1b479f14f9fe0d873b8",
                "sha256:c90e73bdecb7b0d1cea65a08cb41e9d672ac6d7995603d6465ed4914b98b9ad7",
                "sha256:d2b96123a453a2d7f3995ddb9f28d01fd112319a7a4d5ca99796a7ff43f02af5",
                "sha256:d52f0a114b6a58305b11a5cdecd42b2e7f1ec77eb20e2b33969d702feafdd016",
                "sha256:d530191aa9c66ab4f190be8ac8cc7cfd8f4f3217da379606f3dd4e3d83feba69",
                "sha256:d683d230b5774816e7d784d7ed8444f2a40e7a450e5720d58af593cb0b94a212",
                "sha256:db45eec1dfccdadb179b0f9ca616872c6f700d23945ecc8f21bb105d74b1c5fc",
                "sha256:db8c2c5ace167fd25ab5dd732714c51d4633f58bac21fb0ff63b0349f62755a8",
                "sha256:e2926b8abedf750c2ecf5035c07515770944acf02e1c46ab08f6348d24c5f94d",
                "sha256:e627dee428a176ffb13697a2c4318d3f60b2ccdde3acdc9b3f304206ec130ccd",
                "sha256:efe1c0adad110bf0ad7fb59f833880e489a61e39d699d37249bdf42f80590169"
            ],
            "index": "pypi",
            "version": "==7.2.2"
        },
        "deepdiff": {
            "hashes": [
                "sha256:a02aaa8171351eba675cff5f795ec7a90987f86ad5449553308d4e18df57dc3d",
                "sha256:d83b06e043447d6770860a635abecb46e849b0494c43ced2ecafda7628c7ce72"
            ],
            "index": "pypi",
            "version": "==6.2.3"
        },
        "dill": {
            "hashes": [
                "sha256:a07ffd2351b8c678dfc4a856a3005f8067aea51d6ba6c700796a4d9e280f39f0",
                "sha256:e5db55f3687856d8fbdab002ed78544e1c4559a130302693d839dfe8f93f2373"
            ],
            "markers": "python_version >= '3.7'",
            "version": "==0.3.6"
        },
        "exceptiongroup": {
            "hashes": [
                "sha256:327cbda3da756e2de031a3107b81ab7b3770a602c4d16ca618298c526f4bec1e",
                "sha256:bcb67d800a4497e1b404c2dd44fca47d3b7a5e5433dbab67f96c1a685cdfdf23"
            ],
            "index": "pypi",
            "version": "==1.1.0"
        },
        "iniconfig": {
            "hashes": [
                "sha256:2d91e135bf72d31a410b17c16da610a82cb55f6b0477d1a902134b24a455b8b3",
                "sha256:b6a85871a79d2e3b22d2d1b94ac2824226a63c6b741c88f7ae975f18b6778374"
            ],
            "markers": "python_version >= '3.7'",
            "version": "==2.0.0"
        },
        "isort": {
            "hashes": [
                "sha256:8bef7dde241278824a6d83f44a544709b065191b95b6e50894bdc722fcba0504",
                "sha256:f84c2818376e66cf843d497486ea8fed8700b340f308f076c6fb1229dff318b6"
            ],
            "index": "pypi",
            "version": "==5.12.0"
        },
        "lazy-object-proxy": {
            "hashes": [
                "sha256:09763491ce220c0299688940f8dc2c5d05fd1f45af1e42e636b2e8b2303e4382",
                "sha256:0a891e4e41b54fd5b8313b96399f8b0e173bbbfc03c7631f01efbe29bb0bcf82",
                "sha256:189bbd5d41ae7a498397287c408617fe5c48633e7755287b21d741f7db2706a9",
                "sha256:18b78ec83edbbeb69efdc0e9c1cb41a3b1b1ed11ddd8ded602464c3fc6020494",
                "sha256:1aa3de4088c89a1b69f8ec0dcc169aa725b0ff017899ac568fe44ddc1396df46",
                "sha256:212774e4dfa851e74d393a2370871e174d7ff0ebc980907723bb67d25c8a7c30",
                "sha256:2d0daa332786cf3bb49e10dc6a17a52f6a8f9601b4cf5c295a4f85854d61de63",
                "sha256:5f83ac4d83ef0ab017683d715ed356e30dd48a93746309c8f3517e1287523ef4",
                "sha256:659fb5809fa4629b8a1ac5106f669cfc7bef26fbb389dda53b3e010d1ac4ebae",
                "sha256:660c94ea760b3ce47d1855a30984c78327500493d396eac4dfd8bd82041b22be",
                "sha256:66a3de4a3ec06cd8af3f61b8e1ec67614fbb7c995d02fa224813cb7afefee701",
                "sha256:721532711daa7db0d8b779b0bb0318fa87af1c10d7fe5e52ef30f8eff254d0cd",
                "sha256:7322c3d6f1766d4ef1e51a465f47955f1e8123caee67dd641e67d539a534d006",
                "sha256:79a31b086e7e68b24b99b23d57723ef7e2c6d81ed21007b6281ebcd1688acb0a",
                "sha256:81fc4d08b062b535d95c9ea70dbe8a335c45c04029878e62d744bdced5141586",
                "sha256:8fa02eaab317b1e9e03f69aab1f91e120e7899b392c4fc19807a8278a07a97e8",
                "sha256:9090d8e53235aa280fc9239a86ae3ea8ac58eff66a705fa6aa2ec4968b95c821",
                "sha256:946d27deaff6cf8452ed0dba83ba38839a87f4f7a9732e8f9fd4107b21e6ff07",
                "sha256:9990d8e71b9f6488e91ad25f322898c136b008d87bf852ff65391b004da5e17b",
                "sha256:9cd077f3d04a58e83d04b20e334f678c2b0ff9879b9375ed107d5d07ff160171",
                "sha256:9e7551208b2aded9c1447453ee366f1c4070602b3d932ace044715d89666899b",
                "sha256:9f5fa4a61ce2438267163891961cfd5e32ec97a2c444e5b842d574251ade27d2",
                "sha256:b40387277b0ed2d0602b8293b94d7257e17d1479e257b4de114ea11a8cb7f2d7",
                "sha256:bfb38f9ffb53b942f2b5954e0f610f1e721ccebe9cce9025a38c8ccf4a5183a4",
                "sha256:cbf9b082426036e19c6924a9ce90c740a9861e2bdc27a4834fd0a910742ac1e8",
                "sha256:d9e25ef10a39e8afe59a5c348a4dbf29b4868ab76269f81ce1674494e2565a6e",
                "sha256:db1c1722726f47e10e0b5fdbf15ac3b8adb58c091d12b3ab713965795036985f",
                "sha256:e7c21c95cae3c05c14aafffe2865bbd5e377cfc1348c4f7751d9dc9a48ca4bda",
                "sha256:e8c6cfb338b133fbdbc5cfaa10fe3c6aeea827db80c978dbd13bc9dd8526b7d4",
                "sha256:ea806fd4c37bf7e7ad82537b0757999264d5f70c45468447bb2b91afdbe73a6e",
                "sha256:edd20c5a55acb67c7ed471fa2b5fb66cb17f61430b7a6b9c3b4a1e40293b1671",
                "sha256:f0117049dd1d5635bbff65444496c90e0baa48ea405125c088e93d9cf4525b11",
                "sha256:f0705c376533ed2a9e5e97aacdbfe04cecd71e0aa84c7c0595d02ef93b6e4455",
                "sha256:f12ad7126ae0c98d601a7ee504c1122bcef553d1d5e0c3bfa77b16b3968d2734",
                "sha256:f2457189d8257dd41ae9b434ba33298aec198e30adf2dcdaaa3a28b9994f6adb",
                "sha256:f699ac1c768270c9e384e4cbd268d6e67aebcfae6cd623b4d7c3bfde5a35db59"
            ],
            "markers": "python_version >= '3.7'",
            "version": "==1.9.0"
        },
        "mccabe": {
            "hashes": [
                "sha256:348e0240c33b60bbdf4e523192ef919f28cb2c3d7d5c7794f74009290f236325",
                "sha256:6c2d30ab6be0e4a46919781807b4f0d834ebdd6c6e3dca0bda5a15f863427b6e"
            ],
            "markers": "python_version >= '3.6'",
            "version": "==0.7.0"
        },
        "mypy-extensions": {
            "hashes": [
                "sha256:4392f6c0eb8a5668a69e23d168ffa70f0be9ccfd32b5cc2d26a34ae5b844552d",
                "sha256:75dbf8955dc00442a438fc4d0666508a9a97b6bd41aa2f0ffe9d2f2725af0782"
            ],
            "markers": "python_version >= '3.5'",
            "version": "==1.0.0"
        },
        "nodeenv": {
            "hashes": [
                "sha256:27083a7b96a25f2f5e1d8cb4b6317ee8aeda3bdd121394e5ac54e498028a042e",
                "sha256:e0e7f7dfb85fc5394c6fe1e8fa98131a2473e04311a45afb6508f7cf1836fa2b"
            ],
            "markers": "python_version >= '2.7' and python_version not in '3.0, 3.1, 3.2, 3.3, 3.4, 3.5, 3.6'",
            "version": "==1.7.0"
        },
        "ordered-set": {
            "hashes": [
                "sha256:046e1132c71fcf3330438a539928932caf51ddbc582496833e23de611de14562",
                "sha256:694a8e44c87657c59292ede72891eb91d34131f6531463aab3009191c77364a8"
            ],
            "markers": "python_version >= '3.7'",
            "version": "==4.1.0"
        },
        "orjson": {
            "hashes": [
                "sha256:010e2970ec9e826c332819e0da4b14b29b19641da0f1a6af4cec91629ef9b988",
                "sha256:0110970aed35dec293f30ed1e09f8604afd5d15c5ef83de7f6c427619b3ba47b",
                "sha256:0295a7bfd713fa89231fd0822c995c31fc2343c59a1d13aa1b8b6651335654f5",
                "sha256:06180014afcfdc167ca984b312218aa62ce20093965c437c5f9166764cb65ef7",
                "sha256:109b539ce5bf60a121454d008fa67c3b67e5a3249e47d277012645922cf74bd0",
                "sha256:188ed9f9a781333ad802af54c55d5a48991e292239aef41bd663b6e314377eb8",
                "sha256:1a1a8f4980059f48483782c608145b0f74538c266e01c183d9bcd9f8b71dbada",
                "sha256:1c19f47b35b9966a3abadf341b18ee4a860431bf2b00fd8d58906d51cf78aa70",
                "sha256:1dee503c6c1a0659c5b46f5f39d9ca9d3657b11ca8bb4af8506086df416887d9",
                "sha256:226bfc1da2f21ee74918cee2873ea9a0fec1a8830e533cb287d192d593e99d02",
                "sha256:2e8c430d82b532c5ab95634e034bbf6ca7432ffe175a3e63eadd493e00b3a555",
                "sha256:366cc75f7e09106f9dac95a675aef413367b284f25507d21e55bd7f45f445e80",
                "sha256:3ffaabb380cd0ee187b4fc362516df6bf739808130b1339445c7d8878fca36e7",
                "sha256:403c8c84ac8a02c40613b0493b74d5256379e65196d39399edbf2ed3169cbeb5",
                "sha256:41244431ba13f2e6ef22b52c5cf0202d17954489f4a3c0505bd28d0e805c3546",
                "sha256:4f733062d84389c32c0492e5a4929056fac217034a94523debe0430bcc602cda",
                "sha256:51b275475d4e36118b65ad56f9764056a09d985c5d72e64579bf8816f1356a5e",
                "sha256:5bb32259ea22cc9dd47a6fdc4b8f9f1e2f798fcf56c7c1122a7df0f4c5d33bf3",
                "sha256:5d88837002c5a8af970745b8e0ca1b0fdb06aafbe7f1279e110d338ea19f3d23",
                "sha256:63144d27735f3b60f079f247ac9a289d80dfe49a7f03880dfa0c0ba64d6491d5",
                "sha256:697abde7350fb8076d44bcb6b4ab3ce415ae2b5a9bb91efc460e5ab0d96bb5d3",
                "sha256:78604d3acfd7cd502f6381eea0c42281fe2b74755b334074ab3ebc0224100be1",
                "sha256:7a3ab1a473894e609b6f1d763838c6689ba2b97620c256a32c4d9f10595ac179",
                "sha256:7bd4fd37adb03b1f2a1012d43c9f95973a02164e131dfe3ff804d7e180af5653",
                "sha256:7d6ac5f8a2a17095cd927c4d52abbb38af45918e0d3abd60fb50cfd49d71ae24",
                "sha256:8460c8810652dba59c38c80d27c325b5092d189308d8d4f3e688dbd8d4f3b2dc",
                "sha256:84d154d07e8b17d97e990d5d710b719a031738eb1687d8a05b9089f0564ff3e0",
                "sha256:89dc786419e1ce2588345f58dd6a434e6728bce66b94989644234bcdbe39b603",
                "sha256:9e432c6c9c8b97ad825276d5795286f7cc9689f377a97e3b7ecf14918413303f",
                "sha256:a16273d77db746bb1789a2bbfded81148a60743fd6f9d5185e02d92e3732fa18",
                "sha256:ad02e9102d4ba67db30a136e631e32aeebd1dce26c9f5942a457b02df131c5d0",
                "sha256:ad4d441fbde4133af6fee37f67dbf23181b9c537ecc317346ec8c3b4c8ec7705",
                "sha256:b20f29fa8371b8023f1791df035a2c3ccbd98baa429ac3114fc104768f7db6f8",
                "sha256:cc4fa83831f42ce5c938f8cefc2e175fa1df6f661fdeaba3badf26d2b8cfcf73",
                "sha256:cc52f58c688cb10afd810280e450f56fbcb27f52c053463e625c8335c95db0dc",
                "sha256:d60304172a33705ce4bd25a6261ab84bed2dab0b3d3b79672ea16c7648af4832",
                "sha256:dbcfcec2b7ac52deb7be3685b551addc28ee8fa454ef41f8b714df6ba0e32a27",
                "sha256:e1a0e5504a5fc86083cc210c6946e8d61e13fe9f1d7a7bf81b42f7050a49d4fb",
                "sha256:e7129a6847f0494aa1427167486ef6aea2e835ba05f6c627df522692ee228f65",
                "sha256:e75c11023ac29e29fd3e75038d0e8dd93f9ea24d7b9a5e871967a8921a88df24",
                "sha256:ee519964a5a0efb9633f38b1129fd242807c5c57162844efeeaab1c8de080051",
                "sha256:f98c82850b7b4b7e27785ca43706fa86c893cdb88d54576bbb9b0d9c1070e421",
                "sha256:feb32aaaa34cf2f891eb793ad320d4bb6731328496ae59b6c9eb1b620c42b529",
                "sha256:ff60187d1b7e0bfab376b6002b08c560b7de06c87cf3a8ac639ecf58f84c5f3b"
            ],
            "markers": "python_version >= '3.7'",
            "version": "==3.8.7"
        },
        "packaging": {
            "hashes": [
                "sha256:714ac14496c3e68c99c29b00845f7a2b85f3bb6f1078fd9f72fd20f0570002b2",
                "sha256:b6ad297f8907de0fa2fe1ccbd26fdaf387f5f47c7275fedf8cce89f99446cf97"
            ],
            "markers": "python_version >= '3.7'",
            "version": "==23.0"
        },
        "parse": {
            "hashes": [
                "sha256:9ff82852bcb65d139813e2a5197627a94966245c897796760a3a2a8eb66f020b"
            ],
            "version": "==1.19.0"
        },
        "parse-type": {
            "hashes": [
                "sha256:20b43c660e48ed47f433bce5873a2a3d4b9b6a7ba47bd7f7d2a7cec4bec5551f",
                "sha256:c148e88436bd54dab16484108e882be3367f44952c649c9cd6b82a7370b650cb"
            ],
            "markers": "python_version >= '2.7' and python_version not in '3.0, 3.1, 3.2, 3.3'",
            "version": "==0.6.0"
        },
        "pathspec": {
            "hashes": [
                "sha256:2798de800fa92780e33acca925945e9a19a133b715067cf165b8866c15a31687",
                "sha256:d8af70af76652554bd134c22b3e8a1cc46ed7d91edcdd721ef1a0c51a84a5293"
            ],
            "markers": "python_version >= '3.7'",
            "version": "==0.11.1"
        },
        "platformdirs": {
            "hashes": [
                "sha256:024996549ee88ec1a9aa99ff7f8fc819bb59e2c3477b410d90a16d32d6e707aa",
                "sha256:e5986afb596e4bb5bde29a79ac9061aa955b94fca2399b7aaac4090860920dd8"
            ],
            "markers": "python_version >= '3.7'",
            "version": "==3.1.1"
        },
        "pluggy": {
            "hashes": [
                "sha256:4224373bacce55f955a878bf9cfa763c1e360858e330072059e10bad68531159",
                "sha256:74134bbf457f031a36d68416e1509f34bd5ccc019f0bcc952c7b909d06b37bd3"
            ],
            "markers": "python_version >= '3.6'",
            "version": "==1.0.0"
        },
        "pylint": {
            "hashes": [
                "sha256:15bc7b37f2022720765247eec24c49b93dcae6c81418adc3c36621b13d946f6d",
                "sha256:add6bc6380143af0f7a1ab15b5b5f54a8d9d25afc99fc7e2d86fd66f6c3e1ad9"
            ],
            "index": "pypi",
            "version": "==3.0.0a5"
        },
        "pyright": {
            "hashes": [
                "sha256:51cc5f05807b1fb53f9f0e14736b8f772b500a3ba4e0edeb99727e68e700d9ea",
                "sha256:6c3cd394473e55a516ebe443d02b83e63456ef29f052dcf8e64e7875c1418fa6"
            ],
            "index": "pypi",
            "version": "==1.1.296"
        },
        "pytest": {
            "hashes": [
                "sha256:c7c6ca206e93355074ae32f7403e8ea12163b1163c976fee7d4d84027c162be5",
                "sha256:d45e0952f3727241918b8fd0f376f5ff6b301cc0777c6f9a556935c92d8a7d42"
            ],
            "index": "pypi",
            "version": "==7.2.1"
        },
        "pytoolconfig": {
            "extras": [
                "global"
            ],
            "hashes": [
                "sha256:239ba9d3e537b91d0243275a497700ea39a5e259ddb80421c366e3b288bf30fe",
                "sha256:a50f9dfe23b03a9d40414c1fdf902fefbeae12f2ac75a3c8f915944d6ffac279"
            ],
            "markers": "python_version >= '3.7'",
            "version": "==1.2.5"
        },
        "pyyaml": {
            "hashes": [
                "sha256:01b45c0191e6d66c470b6cf1b9531a771a83c1c4208272ead47a3ae4f2f603bf",
                "sha256:0283c35a6a9fbf047493e3a0ce8d79ef5030852c51e9d911a27badfde0605293",
                "sha256:055d937d65826939cb044fc8c9b08889e8c743fdc6a32b33e2390f66013e449b",
                "sha256:07751360502caac1c067a8132d150cf3d61339af5691fe9e87803040dbc5db57",
                "sha256:0b4624f379dab24d3725ffde76559cff63d9ec94e1736b556dacdfebe5ab6d4b",
                "sha256:0ce82d761c532fe4ec3f87fc45688bdd3a4c1dc5e0b4a19814b9009a29baefd4",
                "sha256:1e4747bc279b4f613a09eb64bba2ba602d8a6664c6ce6396a4d0cd413a50ce07",
                "sha256:213c60cd50106436cc818accf5baa1aba61c0189ff610f64f4a3e8c6726218ba",
                "sha256:231710d57adfd809ef5d34183b8ed1eeae3f76459c18fb4a0b373ad56bedcdd9",
                "sha256:277a0ef2981ca40581a47093e9e2d13b3f1fbbeffae064c1d21bfceba2030287",
                "sha256:2cd5df3de48857ed0544b34e2d40e9fac445930039f3cfe4bcc592a1f836d513",
                "sha256:40527857252b61eacd1d9af500c3337ba8deb8fc298940291486c465c8b46ec0",
                "sha256:432557aa2c09802be39460360ddffd48156e30721f5e8d917f01d31694216782",
                "sha256:473f9edb243cb1935ab5a084eb238d842fb8f404ed2193a915d1784b5a6b5fc0",
                "sha256:48c346915c114f5fdb3ead70312bd042a953a8ce5c7106d5bfb1a5254e47da92",
                "sha256:50602afada6d6cbfad699b0c7bb50d5ccffa7e46a3d738092afddc1f9758427f",
                "sha256:68fb519c14306fec9720a2a5b45bc9f0c8d1b9c72adf45c37baedfcd949c35a2",
                "sha256:77f396e6ef4c73fdc33a9157446466f1cff553d979bd00ecb64385760c6babdc",
                "sha256:81957921f441d50af23654aa6c5e5eaf9b06aba7f0a19c18a538dc7ef291c5a1",
                "sha256:819b3830a1543db06c4d4b865e70ded25be52a2e0631ccd2f6a47a2822f2fd7c",
                "sha256:897b80890765f037df3403d22bab41627ca8811ae55e9a722fd0392850ec4d86",
                "sha256:98c4d36e99714e55cfbaaee6dd5badbc9a1ec339ebfc3b1f52e293aee6bb71a4",
                "sha256:9df7ed3b3d2e0ecfe09e14741b857df43adb5a3ddadc919a2d94fbdf78fea53c",
                "sha256:9fa600030013c4de8165339db93d182b9431076eb98eb40ee068700c9c813e34",
                "sha256:a80a78046a72361de73f8f395f1f1e49f956c6be882eed58505a15f3e430962b",
                "sha256:afa17f5bc4d1b10afd4466fd3a44dc0e245382deca5b3c353d8b757f9e3ecb8d",
                "sha256:b3d267842bf12586ba6c734f89d1f5b871df0273157918b0ccefa29deb05c21c",
                "sha256:b5b9eccad747aabaaffbc6064800670f0c297e52c12754eb1d976c57e4f74dcb",
                "sha256:bfaef573a63ba8923503d27530362590ff4f576c626d86a9fed95822a8255fd7",
                "sha256:c5687b8d43cf58545ade1fe3e055f70eac7a5a1a0bf42824308d868289a95737",
                "sha256:cba8c411ef271aa037d7357a2bc8f9ee8b58b9965831d9e51baf703280dc73d3",
                "sha256:d15a181d1ecd0d4270dc32edb46f7cb7733c7c508857278d3d378d14d606db2d",
                "sha256:d4b0ba9512519522b118090257be113b9468d804b19d63c71dbcf4a48fa32358",
                "sha256:d4db7c7aef085872ef65a8fd7d6d09a14ae91f691dec3e87ee5ee0539d516f53",
                "sha256:d4eccecf9adf6fbcc6861a38015c2a64f38b9d94838ac1810a9023a0609e1b78",
                "sha256:d67d839ede4ed1b28a4e8909735fc992a923cdb84e618544973d7dfc71540803",
                "sha256:daf496c58a8c52083df09b80c860005194014c3698698d1a57cbcfa182142a3a",
                "sha256:dbad0e9d368bb989f4515da330b88a057617d16b6a8245084f1b05400f24609f",
                "sha256:e61ceaab6f49fb8bdfaa0f92c4b57bcfbea54c09277b1b4f7ac376bfb7a7c174",
                "sha256:f84fbc98b019fef2ee9a1cb3ce93e3187a6df0b2538a651bfb890254ba9f90b5"
            ],
            "index": "pypi",
            "version": "==6.0"
        },
        "rope": {
            "hashes": [
                "sha256:893dd80ba7077fc9f6f42b0a849372076b70f1d6e405b9f0cc52781ffa0e6890",
                "sha256:ba39581d0f8dee4ae8b5b5e82e35d03cebad965ccb127b7eaab9755cdc85e85a"
            ],
            "index": "pypi",
            "version": "==1.7.0"
        },
        "setuptools": {
            "hashes": [
                "sha256:2ee892cd5f29f3373097f5a814697e397cf3ce313616df0af11231e2ad118077",
                "sha256:b78aaa36f6b90a074c1fa651168723acbf45d14cb1196b6f02c0fd07f17623b2"
            ],
            "markers": "python_version >= '3.7'",
            "version": "==67.6.0"
        },
        "six": {
            "hashes": [
                "sha256:1e61c37477a1626458e36f7b1d82aa5c9b094fa4802892072e49de9c60c4c926",
                "sha256:8abb2f1d86890a2dfb989f9a77cfcfd3e47c2a354b01111771326f8aa26e0254"
            ],
            "markers": "python_version >= '2.7' and python_version not in '3.0, 3.1, 3.2, 3.3'",
            "version": "==1.16.0"
        },
        "toml": {
            "hashes": [
                "sha256:806143ae5bfb6a3c6e736a764057db0e6a0e05e338b5630894a5f779cabb4f9b",
                "sha256:b3bda1d108d5dd99f4a20d24d9c348e91c4db7ab1b749200bded2f839ccbe68f"
            ],
            "markers": "python_version >= '2.6' and python_version not in '3.0, 3.1, 3.2, 3.3'",
            "version": "==0.10.2"
        },
        "tomlkit": {
            "hashes": [
                "sha256:07de26b0d8cfc18f871aec595fda24d95b08fef89d147caa861939f37230bf4b",
                "sha256:71b952e5721688937fb02cf9d354dbcf0785066149d2855e44531ebdd2b65d73"
            ],
            "markers": "python_version >= '3.6'",
            "version": "==0.11.6"
        },
        "wrapt": {
            "hashes": [
                "sha256:02fce1852f755f44f95af51f69d22e45080102e9d00258053b79367d07af39c0",
                "sha256:077ff0d1f9d9e4ce6476c1a924a3332452c1406e59d90a2cf24aeb29eeac9420",
                "sha256:078e2a1a86544e644a68422f881c48b84fef6d18f8c7a957ffd3f2e0a74a0d4a",
                "sha256:0970ddb69bba00670e58955f8019bec4a42d1785db3faa043c33d81de2bf843c",
                "sha256:1286eb30261894e4c70d124d44b7fd07825340869945c79d05bda53a40caa079",
                "sha256:21f6d9a0d5b3a207cdf7acf8e58d7d13d463e639f0c7e01d82cdb671e6cb7923",
                "sha256:230ae493696a371f1dbffaad3dafbb742a4d27a0afd2b1aecebe52b740167e7f",
                "sha256:26458da5653aa5b3d8dc8b24192f574a58984c749401f98fff994d41d3f08da1",
                "sha256:2cf56d0e237280baed46f0b5316661da892565ff58309d4d2ed7dba763d984b8",
                "sha256:2e51de54d4fb8fb50d6ee8327f9828306a959ae394d3e01a1ba8b2f937747d86",
                "sha256:2fbfbca668dd15b744418265a9607baa970c347eefd0db6a518aaf0cfbd153c0",
                "sha256:38adf7198f8f154502883242f9fe7333ab05a5b02de7d83aa2d88ea621f13364",
                "sha256:3a8564f283394634a7a7054b7983e47dbf39c07712d7b177b37e03f2467a024e",
                "sha256:3abbe948c3cbde2689370a262a8d04e32ec2dd4f27103669a45c6929bcdbfe7c",
                "sha256:3bbe623731d03b186b3d6b0d6f51865bf598587c38d6f7b0be2e27414f7f214e",
                "sha256:40737a081d7497efea35ab9304b829b857f21558acfc7b3272f908d33b0d9d4c",
                "sha256:41d07d029dd4157ae27beab04d22b8e261eddfc6ecd64ff7000b10dc8b3a5727",
                "sha256:46ed616d5fb42f98630ed70c3529541408166c22cdfd4540b88d5f21006b0eff",
                "sha256:493d389a2b63c88ad56cdc35d0fa5752daac56ca755805b1b0c530f785767d5e",
                "sha256:4ff0d20f2e670800d3ed2b220d40984162089a6e2c9646fdb09b85e6f9a8fc29",
                "sha256:54accd4b8bc202966bafafd16e69da9d5640ff92389d33d28555c5fd4f25ccb7",
                "sha256:56374914b132c702aa9aa9959c550004b8847148f95e1b824772d453ac204a72",
                "sha256:578383d740457fa790fdf85e6d346fda1416a40549fe8db08e5e9bd281c6a475",
                "sha256:58d7a75d731e8c63614222bcb21dd992b4ab01a399f1f09dd82af17bbfc2368a",
                "sha256:5c5aa28df055697d7c37d2099a7bc09f559d5053c3349b1ad0c39000e611d317",
                "sha256:5fc8e02f5984a55d2c653f5fea93531e9836abbd84342c1d1e17abc4a15084c2",
                "sha256:63424c681923b9f3bfbc5e3205aafe790904053d42ddcc08542181a30a7a51bd",
                "sha256:64b1df0f83706b4ef4cfb4fb0e4c2669100fd7ecacfb59e091fad300d4e04640",
                "sha256:74934ebd71950e3db69960a7da29204f89624dde411afbfb3b4858c1409b1e98",
                "sha256:75669d77bb2c071333417617a235324a1618dba66f82a750362eccbe5b61d248",
                "sha256:75760a47c06b5974aa5e01949bf7e66d2af4d08cb8c1d6516af5e39595397f5e",
                "sha256:76407ab327158c510f44ded207e2f76b657303e17cb7a572ffe2f5a8a48aa04d",
                "sha256:76e9c727a874b4856d11a32fb0b389afc61ce8aaf281ada613713ddeadd1cfec",
                "sha256:77d4c1b881076c3ba173484dfa53d3582c1c8ff1f914c6461ab70c8428b796c1",
                "sha256:780c82a41dc493b62fc5884fb1d3a3b81106642c5c5c78d6a0d4cbe96d62ba7e",
                "sha256:7dc0713bf81287a00516ef43137273b23ee414fe41a3c14be10dd95ed98a2df9",
                "sha256:7eebcdbe3677e58dd4c0e03b4f2cfa346ed4049687d839adad68cc38bb559c92",
                "sha256:896689fddba4f23ef7c718279e42f8834041a21342d95e56922e1c10c0cc7afb",
                "sha256:96177eb5645b1c6985f5c11d03fc2dbda9ad24ec0f3a46dcce91445747e15094",
                "sha256:96e25c8603a155559231c19c0349245eeb4ac0096fe3c1d0be5c47e075bd4f46",
                "sha256:9d37ac69edc5614b90516807de32d08cb8e7b12260a285ee330955604ed9dd29",
                "sha256:9ed6aa0726b9b60911f4aed8ec5b8dd7bf3491476015819f56473ffaef8959bd",
                "sha256:a487f72a25904e2b4bbc0817ce7a8de94363bd7e79890510174da9d901c38705",
                "sha256:a4cbb9ff5795cd66f0066bdf5947f170f5d63a9274f99bdbca02fd973adcf2a8",
                "sha256:a74d56552ddbde46c246b5b89199cb3fd182f9c346c784e1a93e4dc3f5ec9975",
                "sha256:a89ce3fd220ff144bd9d54da333ec0de0399b52c9ac3d2ce34b569cf1a5748fb",
                "sha256:abd52a09d03adf9c763d706df707c343293d5d106aea53483e0ec8d9e310ad5e",
                "sha256:abd8f36c99512755b8456047b7be10372fca271bf1467a1caa88db991e7c421b",
                "sha256:af5bd9ccb188f6a5fdda9f1f09d9f4c86cc8a539bd48a0bfdc97723970348418",
                "sha256:b02f21c1e2074943312d03d243ac4388319f2456576b2c6023041c4d57cd7019",
                "sha256:b06fa97478a5f478fb05e1980980a7cdf2712015493b44d0c87606c1513ed5b1",
                "sha256:b0724f05c396b0a4c36a3226c31648385deb6a65d8992644c12a4963c70326ba",
                "sha256:b130fe77361d6771ecf5a219d8e0817d61b236b7d8b37cc045172e574ed219e6",
                "sha256:b56d5519e470d3f2fe4aa7585f0632b060d532d0696c5bdfb5e8319e1d0f69a2",
                "sha256:b67b819628e3b748fd3c2192c15fb951f549d0f47c0449af0764d7647302fda3",
                "sha256:ba1711cda2d30634a7e452fc79eabcadaffedf241ff206db2ee93dd2c89a60e7",
                "sha256:bbeccb1aa40ab88cd29e6c7d8585582c99548f55f9b2581dfc5ba68c59a85752",
                "sha256:bd84395aab8e4d36263cd1b9308cd504f6cf713b7d6d3ce25ea55670baec5416",
                "sha256:c99f4309f5145b93eca6e35ac1a988f0dc0a7ccf9ccdcd78d3c0adf57224e62f",
                "sha256:ca1cccf838cd28d5a0883b342474c630ac48cac5df0ee6eacc9c7290f76b11c1",
                "sha256:cd525e0e52a5ff16653a3fc9e3dd827981917d34996600bbc34c05d048ca35cc",
                "sha256:cdb4f085756c96a3af04e6eca7f08b1345e94b53af8921b25c72f096e704e145",
                "sha256:ce42618f67741d4697684e501ef02f29e758a123aa2d669e2d964ff734ee00ee",
                "sha256:d06730c6aed78cee4126234cf2d071e01b44b915e725a6cb439a879ec9754a3a",
                "sha256:d5fe3e099cf07d0fb5a1e23d399e5d4d1ca3e6dfcbe5c8570ccff3e9208274f7",
                "sha256:d6bcbfc99f55655c3d93feb7ef3800bd5bbe963a755687cbf1f490a71fb7794b",
                "sha256:d787272ed958a05b2c86311d3a4135d3c2aeea4fc655705f074130aa57d71653",
                "sha256:e169e957c33576f47e21864cf3fc9ff47c223a4ebca8960079b8bd36cb014fd0",
                "sha256:e20076a211cd6f9b44a6be58f7eeafa7ab5720eb796975d0c03f05b47d89eb90",
                "sha256:e826aadda3cae59295b95343db8f3d965fb31059da7de01ee8d1c40a60398b29",
                "sha256:eef4d64c650f33347c1f9266fa5ae001440b232ad9b98f1f43dfe7a79435c0a6",
                "sha256:f2e69b3ed24544b0d3dbe2c5c0ba5153ce50dcebb576fdc4696d52aa22db6034",
                "sha256:f87ec75864c37c4c6cb908d282e1969e79763e0d9becdfe9fe5473b7bb1e5f09",
                "sha256:fbec11614dba0424ca72f4e8ba3c420dba07b4a7c206c8c8e4e73f2e98f4c559",
                "sha256:fd69666217b62fa5d7c6aa88e507493a34dec4fa20c5bd925e4bc12fce586639"
            ],
            "markers": "python_version >= '2.7' and python_version not in '3.0, 3.1, 3.2, 3.3, 3.4'",
            "version": "==1.15.0"
        },
        "xmltodict": {
            "hashes": [
                "sha256:341595a488e3e01a85a9d8911d8912fd922ede5fecc4dce437eb4b6c8d037e56",
                "sha256:aa89e8fd76320154a40d19a0df04a4695fb9dc5ba977cbb68ab3e4eb225e7852"
            ],
            "markers": "python_version >= '3.4'",
            "version": "==0.13.0"
        },
        "yq": {
            "hashes": [
                "sha256:853f342b1562ddee979038ec8ecee5405cdd9b6a7cb81ed6cdb8018c9e802633",
                "sha256:b7d988ff6e84c8012e7d6eedfc80928808a3fedb34d500001ffda69b6ba9f1fc"
            ],
            "index": "pypi",
            "version": "==3.1.1"
        }
    }
}
